
Microsoft Visual Studio Solution File, Format Version 12.00
# Visual Studio Version 16
VisualStudioVersion = 16.0.29503.13
MinimumVisualStudioVersion = 10.0.40219.1
Project("{9A19103F-16F7-4668-BE54-9A1E7A4F7556}") = "Bread.Domain", "Bread.Domain\Bread.Domain.csproj", "{E1FB3417-036E-485B-ABF1-6ECC3124E6F9}"
EndProject
Project("{9A19103F-16F7-4668-BE54-9A1E7A4F7556}") = "Bread.Application", "Bread.Application\Bread.Application.csproj", "{03927165-A0F6-40C1-B4DE-A7D01B40E8CC}"
EndProject
Project("{9A19103F-16F7-4668-BE54-9A1E7A4F7556}") = "Bread.Infrastructure", "Bread.Infrastructure\Bread.Infrastructure.csproj", "{74275ABC-7ECB-4D67-AE1A-1BDBBE9D396E}"
EndProject
Project("{9A19103F-16F7-4668-BE54-9A1E7A4F7556}") = "Bread.API", "Bread.API\Bread.API.csproj", "{39CC82DB-F9FA-405D-914B-DC491F7408DB}"
EndProject
Project("{2150E333-8FDC-42A3-9474-1A3956D46DE8}") = "Tests", "Tests", "{DC62B07E-986B-4266-B540-1BFB3A022EA3}"
EndProject
Project("{9A19103F-16F7-4668-BE54-9A1E7A4F7556}") = "Bread.Application.UnitTests", "Tests\Bread.Application.UnitTests\Bread.Application.UnitTests.csproj", "{9822E889-4742-4F4B-9123-CCA625D840EC}"
EndProject
Project("{9A19103F-16F7-4668-BE54-9A1E7A4F7556}") = "Bread.Infrastructure.UnitTests", "Tests\Bread.Infrastructure.UnitTests\Bread.Infrastructure.UnitTests.csproj", "{C9A2534D-9D74-42BA-9C98-461F596D2D41}"
EndProject
Project("{9A19103F-16F7-4668-BE54-9A1E7A4F7556}") = "Bread.API.UnitTests", "Tests\Bread.API.UnitTests\Bread.API.UnitTests.csproj", "{92C5C72D-8537-41A7-B5CE-52D47DEA4E86}"
EndProject
Global
	GlobalSection(SolutionConfigurationPlatforms) = preSolution
		Debug|Any CPU = Debug|Any CPU
		Release|Any CPU = Release|Any CPU
	EndGlobalSection
	GlobalSection(ProjectConfigurationPlatforms) = postSolution
		{E1FB3417-036E-485B-ABF1-6ECC3124E6F9}.Debug|Any CPU.ActiveCfg = Debug|Any CPU
		{E1FB3417-036E-485B-ABF1-6ECC3124E6F9}.Debug|Any CPU.Build.0 = Debug|Any CPU
		{E1FB3417-036E-485B-ABF1-6ECC3124E6F9}.Release|Any CPU.ActiveCfg = Release|Any CPU
		{E1FB3417-036E-485B-ABF1-6ECC3124E6F9}.Release|Any CPU.Build.0 = Release|Any CPU
		{03927165-A0F6-40C1-B4DE-A7D01B40E8CC}.Debug|Any CPU.ActiveCfg = Debug|Any CPU
		{03927165-A0F6-40C1-B4DE-A7D01B40E8CC}.Debug|Any CPU.Build.0 = Debug|Any CPU
		{03927165-A0F6-40C1-B4DE-A7D01B40E8CC}.Release|Any CPU.ActiveCfg = Release|Any CPU
		{03927165-A0F6-40C1-B4DE-A7D01B40E8CC}.Release|Any CPU.Build.0 = Release|Any CPU
		{74275ABC-7ECB-4D67-AE1A-1BDBBE9D396E}.Debug|Any CPU.ActiveCfg = Debug|Any CPU
		{74275ABC-7ECB-4D67-AE1A-1BDBBE9D396E}.Debug|Any CPU.Build.0 = Debug|Any CPU
		{74275ABC-7ECB-4D67-AE1A-1BDBBE9D396E}.Release|Any CPU.ActiveCfg = Release|Any CPU
		{74275ABC-7ECB-4D67-AE1A-1BDBBE9D396E}.Release|Any CPU.Build.0 = Release|Any CPU
		{39CC82DB-F9FA-405D-914B-DC491F7408DB}.Debug|Any CPU.ActiveCfg = Debug|Any CPU
		{39CC82DB-F9FA-405D-914B-DC491F7408DB}.Debug|Any CPU.Build.0 = Debug|Any CPU
		{39CC82DB-F9FA-405D-914B-DC491F7408DB}.Release|Any CPU.ActiveCfg = Release|Any CPU
		{39CC82DB-F9FA-405D-914B-DC491F7408DB}.Release|Any CPU.Build.0 = Release|Any CPU
		{9822E889-4742-4F4B-9123-CCA625D840EC}.Debug|Any CPU.ActiveCfg = Debug|Any CPU
		{9822E889-4742-4F4B-9123-CCA625D840EC}.Debug|Any CPU.Build.0 = Debug|Any CPU
		{9822E889-4742-4F4B-9123-CCA625D840EC}.Release|Any CPU.ActiveCfg = Release|Any CPU
		{9822E889-4742-4F4B-9123-CCA625D840EC}.Release|Any CPU.Build.0 = Release|Any CPU
		{C9A2534D-9D74-42BA-9C98-461F596D2D41}.Debug|Any CPU.ActiveCfg = Debug|Any CPU
		{C9A2534D-9D74-42BA-9C98-461F596D2D41}.Debug|Any CPU.Build.0 = Debug|Any CPU
		{C9A2534D-9D74-42BA-9C98-461F596D2D41}.Release|Any CPU.ActiveCfg = Release|Any CPU
		{C9A2534D-9D74-42BA-9C98-461F596D2D41}.Release|Any CPU.Build.0 = Release|Any CPU
		{92C5C72D-8537-41A7-B5CE-52D47DEA4E86}.Debug|Any CPU.ActiveCfg = Debug|Any CPU
		{92C5C72D-8537-41A7-B5CE-52D47DEA4E86}.Debug|Any CPU.Build.0 = Debug|Any CPU
		{92C5C72D-8537-41A7-B5CE-52D47DEA4E86}.Release|Any CPU.ActiveCfg = Release|Any CPU
		{92C5C72D-8537-41A7-B5CE-52D47DEA4E86}.Release|Any CPU.Build.0 = Release|Any CPU
	EndGlobalSection
	GlobalSection(SolutionProperties) = preSolution
		HideSolutionNode = FALSE
	EndGlobalSection
	GlobalSection(NestedProjects) = preSolution
		{9822E889-4742-4F4B-9123-CCA625D840EC} = {DC62B07E-986B-4266-B540-1BFB3A022EA3}
		{C9A2534D-9D74-42BA-9C98-461F596D2D41} = {DC62B07E-986B-4266-B540-1BFB3A022EA3}
		{92C5C72D-8537-41A7-B5CE-52D47DEA4E86} = {DC62B07E-986B-4266-B540-1BFB3A022EA3}
	EndGlobalSection
	GlobalSection(ExtensibilityGlobals) = postSolution
		SolutionGuid = {93E35E30-C940-4DC3-A97E-420198B4B929}
	EndGlobalSection
EndGlobal
